
Microsoft Visual Studio Solution File, Format Version 12.00
# Visual Studio Version 17
VisualStudioVersion = 17.0.31903.59
MinimumVisualStudioVersion = 10.0.40219.1
Project("{2150E333-8FDC-42A3-9474-1A3956D46DE8}") = "src", "src", "{827E0CD3-B72D-47B6-A68D-7590B98EB39B}"
EndProject
Project("{FAE04EC0-301F-11D3-BF4B-00C04F79EFBC}") = "VoidCare.Core", "src\VoidCare.Core\VoidCare.Core.csproj", "{36960A56-A434-452B-8C27-9744CF39B5A1}"
EndProject
Project("{FAE04EC0-301F-11D3-BF4B-00C04F79EFBC}") = "VoidCare.Infrastructure", "src\VoidCare.Infrastructure\VoidCare.Infrastructure.csproj", "{DEE24E70-4DF4-4A6A-B1BC-B8648EBF426F}"
EndProject
Project("{FAE04EC0-301F-11D3-BF4B-00C04F79EFBC}") = "VoidCare.Cli", "src\VoidCare.Cli\VoidCare.Cli.csproj", "{A9B969C9-E4C9-41AF-B650-96885D7B9E84}"
EndProject
Project("{FAE04EC0-301F-11D3-BF4B-00C04F79EFBC}") = "VoidCare.Tests", "tests\VoidCare.Tests\VoidCare.Tests.csproj", "{AE4753A7-6897-441B-A09B-359460AA6D05}"
EndProject
Global
	GlobalSection(SolutionConfigurationPlatforms) = preSolution
		Debug|Any CPU = Debug|Any CPU
		Debug|x64 = Debug|x64
		Debug|x86 = Debug|x86
		Release|Any CPU = Release|Any CPU
		Release|x64 = Release|x64
		Release|x86 = Release|x86
	EndGlobalSection
	GlobalSection(ProjectConfigurationPlatforms) = postSolution
		{36960A56-A434-452B-8C27-9744CF39B5A1}.Debug|Any CPU.ActiveCfg = Debug|Any CPU
		{36960A56-A434-452B-8C27-9744CF39B5A1}.Debug|Any CPU.Build.0 = Debug|Any CPU
		{36960A56-A434-452B-8C27-9744CF39B5A1}.Debug|x64.ActiveCfg = Debug|Any CPU
		{36960A56-A434-452B-8C27-9744CF39B5A1}.Debug|x64.Build.0 = Debug|Any CPU
		{36960A56-A434-452B-8C27-9744CF39B5A1}.Debug|x86.ActiveCfg = Debug|Any CPU
		{36960A56-A434-452B-8C27-9744CF39B5A1}.Debug|x86.Build.0 = Debug|Any CPU
		{36960A56-A434-452B-8C27-9744CF39B5A1}.Release|Any CPU.ActiveCfg = Release|Any CPU
		{36960A56-A434-452B-8C27-9744CF39B5A1}.Release|Any CPU.Build.0 = Release|Any CPU
		{36960A56-A434-452B-8C27-9744CF39B5A1}.Release|x64.ActiveCfg = Release|Any CPU
		{36960A56-A434-452B-8C27-9744CF39B5A1}.Release|x64.Build.0 = Release|Any CPU
		{36960A56-A434-452B-8C27-9744CF39B5A1}.Release|x86.ActiveCfg = Release|Any CPU
		{36960A56-A434-452B-8C27-9744CF39B5A1}.Release|x86.Build.0 = Release|Any CPU
		{DEE24E70-4DF4-4A6A-B1BC-B8648EBF426F}.Debug|Any CPU.ActiveCfg = Debug|Any CPU
		{DEE24E70-4DF4-4A6A-B1BC-B8648EBF426F}.Debug|Any CPU.Build.0 = Debug|Any CPU
		{DEE24E70-4DF4-4A6A-B1BC-B8648EBF426F}.Debug|x64.ActiveCfg = Debug|Any CPU
		{DEE24E70-4DF4-4A6A-B1BC-B8648EBF426F}.Debug|x64.Build.0 = Debug|Any CPU
		{DEE24E70-4DF4-4A6A-B1BC-B8648EBF426F}.Debug|x86.ActiveCfg = Debug|Any CPU
		{DEE24E70-4DF4-4A6A-B1BC-B8648EBF426F}.Debug|x86.Build.0 = Debug|Any CPU
		{DEE24E70-4DF4-4A6A-B1BC-B8648EBF426F}.Release|Any CPU.ActiveCfg = Release|Any CPU
		{DEE24E70-4DF4-4A6A-B1BC-B8648EBF426F}.Release|Any CPU.Build.0 = Release|Any CPU
		{DEE24E70-4DF4-4A6A-B1BC-B8648EBF426F}.Release|x64.ActiveCfg = Release|Any CPU
		{DEE24E70-4DF4-4A6A-B1BC-B8648EBF426F}.Release|x64.Build.0 = Release|Any CPU
		{DEE24E70-4DF4-4A6A-B1BC-B8648EBF426F}.Release|x86.ActiveCfg = Release|Any CPU
		{DEE24E70-4DF4-4A6A-B1BC-B8648EBF426F}.Release|x86.Build.0 = Release|Any CPU
		{A9B969C9-E4C9-41AF-B650-96885D7B9E84}.Debug|Any CPU.ActiveCfg = Debug|Any CPU
		{A9B969C9-E4C9-41AF-B650-96885D7B9E84}.Debug|Any CPU.Build.0 = Debug|Any CPU
		{A9B969C9-E4C9-41AF-B650-96885D7B9E84}.Debug|x64.ActiveCfg = Debug|Any CPU
		{A9B969C9-E4C9-41AF-B650-96885D7B9E84}.Debug|x64.Build.0 = Debug|Any CPU
		{A9B969C9-E4C9-41AF-B650-96885D7B9E84}.Debug|x86.ActiveCfg = Debug|Any CPU
		{A9B969C9-E4C9-41AF-B650-96885D7B9E84}.Debug|x86.Build.0 = Debug|Any CPU
		{A9B969C9-E4C9-41AF-B650-96885D7B9E84}.Release|Any CPU.ActiveCfg = Release|Any CPU
		{A9B969C9-E4C9-41AF-B650-96885D7B9E84}.Release|Any CPU.Build.0 = Release|Any CPU
		{A9B969C9-E4C9-41AF-B650-96885D7B9E84}.Release|x64.ActiveCfg = Release|Any CPU
		{A9B969C9-E4C9-41AF-B650-96885D7B9E84}.Release|x64.Build.0 = Release|Any CPU
		{A9B969C9-E4C9-41AF-B650-96885D7B9E84}.Release|x86.ActiveCfg = Release|Any CPU
		{A9B969C9-E4C9-41AF-B650-96885D7B9E84}.Release|x86.Build.0 = Release|Any CPU
		{AE4753A7-6897-441B-A09B-359460AA6D05}.Debug|Any CPU.ActiveCfg = Debug|Any CPU
		{AE4753A7-6897-441B-A09B-359460AA6D05}.Debug|Any CPU.Build.0 = Debug|Any CPU
		{AE4753A7-6897-441B-A09B-359460AA6D05}.Debug|x64.ActiveCfg = Debug|Any CPU
		{AE4753A7-6897-441B-A09B-359460AA6D05}.Debug|x64.Build.0 = Debug|Any CPU
		{AE4753A7-6897-441B-A09B-359460AA6D05}.Debug|x86.ActiveCfg = Debug|Any CPU
		{AE4753A7-6897-441B-A09B-359460AA6D05}.Debug|x86.Build.0 = Debug|Any CPU
		{AE4753A7-6897-441B-A09B-359460AA6D05}.Release|Any CPU.ActiveCfg = Release|Any CPU
		{AE4753A7-6897-441B-A09B-359460AA6D05}.Release|Any CPU.Build.0 = Release|Any CPU
		{AE4753A7-6897-441B-A09B-359460AA6D05}.Release|x64.ActiveCfg = Release|Any CPU
		{AE4753A7-6897-441B-A09B-359460AA6D05}.Release|x64.Build.0 = Release|Any CPU
		{AE4753A7-6897-441B-A09B-359460AA6D05}.Release|x86.ActiveCfg = Release|Any CPU
		{AE4753A7-6897-441B-A09B-359460AA6D05}.Release|x86.Build.0 = Release|Any CPU
	EndGlobalSection
	GlobalSection(SolutionProperties) = preSolution
		HideSolutionNode = FALSE
	EndGlobalSection
	GlobalSection(NestedProjects) = preSolution
		{36960A56-A434-452B-8C27-9744CF39B5A1} = {827E0CD3-B72D-47B6-A68D-7590B98EB39B}
		{DEE24E70-4DF4-4A6A-B1BC-B8648EBF426F} = {827E0CD3-B72D-47B6-A68D-7590B98EB39B}
		{A9B969C9-E4C9-41AF-B650-96885D7B9E84} = {827E0CD3-B72D-47B6-A68D-7590B98EB39B}
		{AE4753A7-6897-441B-A09B-359460AA6D05} = {827E0CD3-B72D-47B6-A68D-7590B98EB39B}
	EndGlobalSection
EndGlobal
